lockfileVersion: 5.3

specifiers:
  '@mdi/js': ^6.1.95
  '@stencil/core': ^2.8.1
  '@stencil/helmet': ^0.3.2
  '@stencil/less': ^1.0.0
  '@stencil/router': ^1.0.1
  '@stencil/sass': ^1.4.1
  '@stencil/store': ^1.4.1
  date-fns: ^2.24.0
  idb-keyval: ^3.2.0
  nanoid: ^3.1.28
  tippy.js: ^6.3.1
  workbox-build: 4.3.1

dependencies:
  '@mdi/js': 6.1.95
  '@stencil/helmet': 0.3.2
  '@stencil/store': 1.4.1_@stencil+core@2.8.1
  date-fns: 2.24.0
  idb-keyval: 3.2.0
  nanoid: 3.1.28
  tippy.js: 6.3.1

devDependencies:
  '@stencil/core': 2.8.1
  '@stencil/less': 1.0.0_@stencil+core@2.8.1
  '@stencil/router': 1.0.1
  '@stencil/sass': 1.4.1_@stencil+core@2.8.1
  workbox-build: 4.3.1

packages:

  /@babel/runtime/7.15.4:
    resolution: {integrity: sha512-99catp6bHCaxr4sJ/DbTGgHS4+Rs2RVd2g7iOap6SLGPDknRK9ztKNsE/Fg6QhSeh1FGE5f6gHGQmvvn3I3xhw==}
    engines: {node: '>=6.9.0'}
    dependencies:
      regenerator-runtime: 0.13.9
    dev: true

  /@hapi/address/2.1.4:
    resolution: {integrity: sha512-QD1PhQk+s31P1ixsX0H0Suoupp3VMXzIVMSwobR3F3MSUO2YCV0B7xqLcUw/Bh8yuvd3LhpyqLQWTNcRmp6IdQ==}
    deprecated: Moved to 'npm install @sideway/address'
    dev: true

  /@hapi/bourne/1.3.2:
    resolution: {integrity: sha512-1dVNHT76Uu5N3eJNTYcvxee+jzX4Z9lfciqRRHCU27ihbUcYi+iSc2iml5Ke1LXe1SyJCLA0+14Jh4tXJgOppA==}
    deprecated: This version has been deprecated and is no longer supported or maintained
    dev: true

  /@hapi/hoek/8.5.1:
    resolution: {integrity: sha512-yN7kbciD87WzLGc5539Tn0sApjyiGHAJgKvG9W8C7O+6c7qmoQMfVs0W4bX17eqz6C78QJqqFrtgdK5EWf6Qow==}
    deprecated: This version has been deprecated and is no longer supported or maintained
    dev: true

  /@hapi/joi/15.1.1:
    resolution: {integrity: sha512-entf8ZMOK8sc+8YfeOlM8pCfg3b5+WZIKBfUaaJT8UsjAAPjartzxIYm3TIbjvA4u+u++KbcXD38k682nVHDAQ==}
    deprecated: Switch to 'npm install joi'
    dependencies:
      '@hapi/address': 2.1.4
      '@hapi/bourne': 1.3.2
      '@hapi/hoek': 8.5.1
      '@hapi/topo': 3.1.6
    dev: true

  /@hapi/topo/3.1.6:
    resolution: {integrity: sha512-tAag0jEcjwH+P2quUfipd7liWCNX2F8NvYjQp2wtInsZxnMlypdw0FtAOLxtvvkO+GSRRbmNi8m/5y42PQJYCQ==}
    deprecated: This version has been deprecated and is no longer supported or maintained
    dependencies:
      '@hapi/hoek': 8.5.1
    dev: true

  /@mdi/js/6.1.95:
    resolution: {integrity: sha512-e6ZXoNB9uciA4smHHVkZWyYX/RRZsza8XfLvnOuvdLQttpzRKTqR26jG/COL0o4ES9vbAk9PX5mXTEstg0TCsg==}
    dev: false

  /@popperjs/core/2.10.1:
    resolution: {integrity: sha512-HnUhk1Sy9IuKrxEMdIRCxpIqPw6BFsbYSEUO9p/hNw5sMld/+3OLMWQP80F8/db9qsv3qUjs7ZR5bS/R+iinXw==}
    dev: false

  /@stencil/core/2.8.1:
    resolution: {integrity: sha512-iv9J6oLO/lv7/aO45M05yw3pp1J7olY400vlOZgdMVs3s5zHfalY1ZPYM0KyqU4+7DZuadKYbd0aQZ/g2PInZw==}
    engines: {node: '>=12.10.0', npm: '>=6.0.0'}
    hasBin: true
    dev: true

  /@stencil/helmet/0.3.2:
    resolution: {integrity: sha512-Ii3jGAJubiXzkKd+sn5VsjFzSFz5IToREsdq3suywM5VYhc4eRfWKfvTswuXghSeWHTHwUErozYYze05Jp7IsA==}
    dev: false

  /@stencil/less/1.0.0_@stencil+core@2.8.1:
    resolution: {integrity: sha512-RDtECr2iw8O5BKaP68BNiZP8svgE8Pf4wSOewshEOisNNYi5EzLXxLargnWtZbbO1s9G9CumDV7vmwpdGnvzgw==}
    peerDependencies:
      '@stencil/core': ^1.0.2
    dependencies:
      '@stencil/core': 2.8.1
      less: 3.13.1
    dev: true

  /@stencil/router/1.0.1:
    resolution: {integrity: sha512-ZMholl1BE+glNAc/8pcEb9RYkeH0XETxsJbx6D7f3azTmaTXqKYty1IACP/3BtVjuimpfLdxQJ+J95wKmnYBtA==}
    dependencies:
      '@stencil/state-tunnel': 1.0.1
    dev: true

  /@stencil/sass/1.4.1_@stencil+core@2.8.1:
    resolution: {integrity: sha512-aFKoqtxZ/8BRbvNFiWRycGiqvMI22Ifn5qsKfq0U23j43XD81jT6d7K0WQd55ejNpoSpdxJcbOuFgQy3mXizfA==}
    peerDependencies:
      '@stencil/core': '>=1.0.2'
    dependencies:
      '@stencil/core': 2.8.1
    dev: true

  /@stencil/state-tunnel/1.0.1:
    resolution: {integrity: sha512-DYG8uROgL9hkjVTCtCfRBb0d3FwpiFB0muRrNZQ2X1Qo5hxMuNNji76/ILddqeq0AfgkKCW82xrMPDpy+rNIhQ==}
    dev: true

  /@stencil/store/1.4.1_@stencil+core@2.8.1:
    resolution: {integrity: sha512-kAtMblucNnDNfTpSqhN9jccExgFWmOe+4U98cXZJrg/6nozNtEd92pY6s3Jko7KUrZ+1MQJU2oLwwS8VuyK3Zg==}
    peerDependencies:
      '@stencil/core': '>=1.9.0'
    dependencies:
      '@stencil/core': 2.8.1
    dev: false

  /babel-extract-comments/1.0.0:
    resolution: {integrity: sha512-qWWzi4TlddohA91bFwgt6zO/J0X+io7Qp184Fw0m2JYRSTZnJbFR8+07KmzudHCZgOiKRCrjhylwv9Xd8gfhVQ==}
    engines: {node: '>=4'}
    dependencies:
      babylon: 6.18.0
    dev: true

  /babel-plugin-syntax-object-rest-spread/6.13.0:
    resolution: {integrity: sha1-/WU28rzhODb/o6VFjEkDpZe7O/U=}
    dev: true

  /babel-plugin-transform-object-rest-spread/6.26.0:
    resolution: {integrity: sha1-DzZpLVD+9rfi1LOsFHgTepY7ewY=}
    dependencies:
      babel-plugin-syntax-object-rest-spread: 6.13.0
      babel-runtime: 6.26.0
    dev: true

  /babel-runtime/6.26.0:
    resolution: {integrity: sha1-llxwWGaOgrVde/4E/yM3vItWR/4=}
    dependencies:
      core-js: 2.6.12
      regenerator-runtime: 0.11.1
    dev: true

  /babylon/6.18.0:
    resolution: {integrity: sha512-q/UEjfGJ2Cm3oKV71DJz9d25TPnq5rhBVL2Q4fA5wcC3jcrdn7+SssEybFIxwAvvP+YCsCYNKughoF33GxgycQ==}
    hasBin: true
    dev: true

  /balanced-match/1.0.2:
    resolution: {integrity: sha512-3oSeUO0TMV67hN1AmbXsK4yaqU7tjiHlbxRDZOpH0KW9+CeX4bRAaX0Anxt0tx2MrpRpWwQaPwIlISEJhYU5Pw==}
    dev: true

  /brace-expansion/1.1.11:
    resolution: {integrity: sha512-iCuPHDFgrHX7H2vEI/5xpz07zSHB00TpugqhmYtVmMO6518mCuRMoOYFldEBl0g187ufozdaHgWKcYFb61qGiA==}
    dependencies:
      balanced-match: 1.0.2
      concat-map: 0.0.1
    dev: true

  /common-tags/1.8.0:
    resolution: {integrity: sha512-6P6g0uetGpW/sdyUy/iQQCbFF0kWVMSIVSyYz7Zgjcgh8mgw8PQzDNZeyZ5DQ2gM7LBoZPHmnjz8rUthkBG5tw==}
    engines: {node: '>=4.0.0'}
    dev: true

  /concat-map/0.0.1:
    resolution: {integrity: sha1-2Klr13/Wjfd5OnMDajug1UBdR3s=}
    dev: true

  /copy-anything/2.0.3:
    resolution: {integrity: sha512-GK6QUtisv4fNS+XcI7shX0Gx9ORg7QqIznyfho79JTnX1XhLiyZHfftvGiziqzRiEi/Bjhgpi+D2o7HxJFPnDQ==}
    dependencies:
      is-what: 3.14.1
    dev: true

  /core-js/2.6.12:
    resolution: {integrity: sha512-Kb2wC0fvsWfQrgk8HU5lW6U/Lcs8+9aaYcy4ZFc6DDlo4nZ7n70dEgE5rtR0oG6ufKDUnrwfWL1mXR5ljDatrQ==}
    deprecated: core-js@<3.3 is no longer maintained and not recommended for usage due to the number of issues. Because of the V8 engine whims, feature detection in old core-js versions could cause a slowdown up to 100x even if nothing is polyfilled. Please, upgrade your dependencies to the actual version of core-js.
    requiresBuild: true
    dev: true

  /date-fns/2.24.0:
    resolution: {integrity: sha512-6ujwvwgPID6zbI0o7UbURi2vlLDR9uP26+tW6Lg+Ji3w7dd0i3DOcjcClLjLPranT60SSEFBwdSyYwn/ZkPIuw==}
    engines: {node: '>=0.11'}
    dev: false

  /errno/0.1.8:
    resolution: {integrity: sha512-dJ6oBr5SQ1VSd9qkk7ByRgb/1SH4JZjCHSW/mr63/QcXO9zLVxvJ6Oy13nio03rxpSnVDDjFor75SjVeZWPW/A==}
    hasBin: true
    requiresBuild: true
    dependencies:
      prr: 1.0.1
    dev: true
    optional: true

  /fs-extra/4.0.3:
    resolution: {integrity: sha512-q6rbdDd1o2mAnQreO7YADIxf/Whx4AHBiRf6d+/cVT8h44ss+lHgxf1FemcqDnQt9X3ct4McHr+JMGlYSsK7Cg==}
    dependencies:
      graceful-fs: 4.2.8
      jsonfile: 4.0.0
      universalify: 0.1.2
    dev: true

  /fs.realpath/1.0.0:
    resolution: {integrity: sha1-FQStJSMVjKpA20onh8sBQRmU6k8=}
    dev: true

  /get-own-enumerable-property-symbols/3.0.2:
    resolution: {integrity: sha512-I0UBV/XOz1XkIJHEUDMZAbzCThU/H8DxmSfmdGcKPnVhu2VfFqr34jr9777IyaTYvxjedWhqVIilEDsCdP5G6g==}
    dev: true

  /glob/7.2.0:
    resolution: {integrity: sha512-lmLf6gtyrPq8tTjSmrO94wBeQbFR3HbLHbuyD69wuyQkImp2hWqMGB47OX65FBkPffO641IP9jWa1z4ivqG26Q==}
    dependencies:
      fs.realpath: 1.0.0
      inflight: 1.0.6
      inherits: 2.0.4
      minimatch: 3.0.4
      once: 1.4.0
      path-is-absolute: 1.0.1
    dev: true

  /graceful-fs/4.2.8:
    resolution: {integrity: sha512-qkIilPUYcNhJpd33n0GBXTB1MMPp14TxEsEs0pTrsSVucApsYzW5V+Q8Qxhik6KU3evy+qkAAowTByymK0avdg==}
    dev: true

  /idb-keyval/3.2.0:
    resolution: {integrity: sha512-slx8Q6oywCCSfKgPgL0sEsXtPVnSbTLWpyiDcu6msHOyKOLari1TD1qocXVCft80umnkk3/Qqh3lwoFt8T/BPQ==}
    dev: false

  /image-size/0.5.5:
    resolution: {integrity: sha1-Cd/Uq50g4p6xw+gLiZA3jfnjy5w=}
    engines: {node: '>=0.10.0'}
    hasBin: true
    requiresBuild: true
    dev: true
    optional: true

  /inflight/1.0.6:
    resolution: {integrity: sha1-Sb1jMdfQLQwJvJEKEHW6gWW1bfk=}
    dependencies:
      once: 1.4.0
      wrappy: 1.0.2
    dev: true

  /inherits/2.0.4:
    resolution: {integrity: sha512-k/vGaX4/Yla3WzyMCvTQOXYeIHvqOKtnqBduzTHpzpQZzAskKMhZ2K+EnBiSM9zGSoIFeMpXKxa4dYeZIQqewQ==}
    dev: true

  /is-obj/1.0.1:
    resolution: {integrity: sha1-PkcprB9f3gJc19g6iW2rn09n2w8=}
    engines: {node: '>=0.10.0'}
    dev: true

  /is-regexp/1.0.0:
    resolution: {integrity: sha1-/S2INUXEa6xaYz57mgnof6LLUGk=}
    engines: {node: '>=0.10.0'}
    dev: true

  /is-what/3.14.1:
    resolution: {integrity: sha512-sNxgpk9793nzSs7bA6JQJGeIuRBQhAaNGG77kzYQgMkrID+lS6SlK07K5LaptscDlSaIgH+GPFzf+d75FVxozA==}
    dev: true

  /jsonfile/4.0.0:
    resolution: {integrity: sha1-h3Gq4HmbZAdrdmQPygWPnBDjPss=}
    optionalDependencies:
      graceful-fs: 4.2.8
    dev: true

  /less/3.13.1:
    resolution: {integrity: sha512-SwA1aQXGUvp+P5XdZslUOhhLnClSLIjWvJhmd+Vgib5BFIr9lMNlQwmwUNOjXThF/A0x+MCYYPeWEfeWiLRnTw==}
    engines: {node: '>=6'}
    hasBin: true
    dependencies:
      copy-anything: 2.0.3
      tslib: 1.14.1
    optionalDependencies:
      errno: 0.1.8
      graceful-fs: 4.2.8
      image-size: 0.5.5
      make-dir: 2.1.0
      mime: 1.6.0
      native-request: 1.1.0
      source-map: 0.6.1
    dev: true

  /lodash._reinterpolate/3.0.0:
    resolution: {integrity: sha1-DM8tiRZq8Ds2Y8eWU4t1rG4RTZ0=}
    dev: true

  /lodash.template/4.5.0:
    resolution: {integrity: sha512-84vYFxIkmidUiFxidA/KjjH9pAycqW+h980j7Fuz5qxRtO9pgB7MDFTdys1N7A5mcucRiDyEq4fusljItR1T/A==}
    dependencies:
      lodash._reinterpolate: 3.0.0
      lodash.templatesettings: 4.2.0
    dev: true

  /lodash.templatesettings/4.2.0:
    resolution: {integrity: sha512-stgLz+i3Aa9mZgnjr/O+v9ruKZsPsndy7qPZOchbqk2cnTU1ZaldKK+v7m54WoKIyxiuMZTKT2H81F8BeAc3ZQ==}
    dependencies:
      lodash._reinterpolate: 3.0.0
    dev: true

  /make-dir/2.1.0:
    resolution: {integrity: sha512-LS9X+dc8KLxXCb8dni79fLIIUA5VyZoyjSMCwTluaXA0o27cCK0bhXkpgw+sTXVpPy/lSO57ilRixqk0vDmtRA==}
    engines: {node: '>=6'}
    requiresBuild: true
    dependencies:
      pify: 4.0.1
      semver: 5.7.1
    dev: true
    optional: true

  /mime/1.6.0:
    resolution: {integrity: sha512-x0Vn8spI+wuJ1O6S7gnbaQg8Pxh4NNHb7KSINmEWKiPE4RKOplvijn+NkmYmmRgP68mc70j2EbeTFRsrswaQeg==}
    engines: {node: '>=4'}
    hasBin: true
    requiresBuild: true
    dev: true
    optional: true

  /minimatch/3.0.4:
    resolution: {integrity: sha512-yJHVQEhyqPLUTgt9B83PXu6W3rx4MvvHvSUvToogpwoGDOUQ+yDrR0HRot+yOCdCO7u4hX3pWft6kWBBcqh0UA==}
    dependencies:
      brace-expansion: 1.1.11
    dev: true

  /nanoid/3.1.28:
    resolution: {integrity: sha512-gSu9VZ2HtmoKYe/lmyPFES5nknFrHa+/DT9muUFWFMi6Jh9E1I7bkvlQ8xxf1Kos9pi9o8lBnIOkatMhKX/YUw==}
    engines: {node: ^10 || ^12 || ^13.7 || ^14 || >=15.0.1}
    hasBin: true
    dev: false

  /native-request/1.1.0:
    resolution: {integrity: sha512-uZ5rQaeRn15XmpgE0xoPL8YWqcX90VtCFglYwAgkvKM5e8fog+vePLAhHxuuv/gRkrQxIeh5U3q9sMNUrENqWw==}
    requiresBuild: true
    dev: true
    optional: true

  /once/1.4.0:
    resolution: {integrity: sha1-WDsap3WWHUsROsF9nFC6753Xa9E=}
    dependencies:
      wrappy: 1.0.2
    dev: true

  /path-is-absolute/1.0.1:
    resolution: {integrity: sha1-F0uSaHNVNP+8es5r9TpanhtcX18=}
    engines: {node: '>=0.10.0'}
    dev: true

  /pify/4.0.1:
    resolution: {integrity: sha512-uB80kBFb/tfd68bVleG9T5GGsGPjJrLAUpR5PZIrhBnIaRTQRjqdJSsIKkOP6OAIFbj7GOrcudc5pNjZ+geV2g==}
    engines: {node: '>=6'}
    dev: true
    optional: true

  /pretty-bytes/5.6.0:
    resolution: {integrity: sha512-FFw039TmrBqFK8ma/7OL3sDz/VytdtJr044/QUJtH0wK9lb9jLq9tJyIxUwtQJHwar2BqtiA4iCWSwo9JLkzFg==}
    engines: {node: '>=6'}
    dev: true

  /prr/1.0.1:
    resolution: {integrity: sha1-0/wRS6BplaRexok/SEzrHXj19HY=}
    dev: true
    optional: true

  /regenerator-runtime/0.11.1:
    resolution: {integrity: sha512-MguG95oij0fC3QV3URf4V2SDYGJhJnJGqvIIgdECeODCT98wSWDAJ94SSuVpYQUoTcGUIL6L4yNB7j1DFFHSBg==}
    dev: true

  /regenerator-runtime/0.13.9:
    resolution: {integrity: sha512-p3VT+cOEgxFsRRA9X4lkI1E+k2/CtnKtU4gcxyaCUreilL/vqI6CdZ3wxVUx3UOUg+gnUOQQcRI7BmSI656MYA==}
    dev: true

  /semver/5.7.1:
    resolution: {integrity: sha512-sauaDf/PZdVgrLTNYHRtpXa1iRiKcaebiKQ1BJdpQlWH2lCvexQdX55snPFyK7QzpudqbCI0qXFfOasHdyNDGQ==}
    hasBin: true
    dev: true
    optional: true

  /source-map/0.6.1:
    resolution: {integrity: sha512-UjgapumWlbMhkBgzT7Ykc5YXUT46F0iKu8SGXq0bcwP5dz/h0Plj6enJqjz1Zbq2l5WaqYnrVbwWOWMyF3F47g==}
    engines: {node: '>=0.10.0'}
    requiresBuild: true
    dev: true
    optional: true

  /stringify-object/3.3.0:
    resolution: {integrity: sha512-rHqiFh1elqCQ9WPLIC8I0Q/g/wj5J1eMkyoiD6eoQApWHP0FtlK7rqnhmabL5VUY9JQCcqwwvlOaSuutekgyrw==}
    engines: {node: '>=4'}
    dependencies:
      get-own-enumerable-property-symbols: 3.0.2
      is-obj: 1.0.1
      is-regexp: 1.0.0
    dev: true

  /strip-comments/1.0.2:
    resolution: {integrity: sha512-kL97alc47hoyIQSV165tTt9rG5dn4w1dNnBhOQ3bOU1Nc1hel09jnXANaHJ7vzHLd4Ju8kseDGzlev96pghLFw==}
    engines: {node: '>=4'}
    dependencies:
      babel-extract-comments: 1.0.0
      babel-plugin-transform-object-rest-spread: 6.26.0
    dev: true

  /tippy.js/6.3.1:
    resolution: {integrity: sha512-JnFncCq+rF1dTURupoJ4yPie5Cof978inW6/4S6kmWV7LL9YOSEVMifED3KdrVPEG+Z/TFH2CDNJcQEfaeuQww==}
    dependencies:
      '@popperjs/core': 2.10.1
    dev: false

  /tslib/1.14.1:
    resolution: {integrity: sha512-Xni35NKzjgMrwevysHTCArtLDpPvye8zV/0E4EyYn43P7/7qvQwPh9BGkHewbMulVntbigmcT7rdX3BNo9wRJg==}
    dev: true

  /universalify/0.1.2:
    resolution: {integrity: sha512-rBJeI5CXAlmy1pV+617WB9J63U6XcazHHF2f2dbJix4XzpUF0RS3Zbj0FGIOCAva5P/d/GBOYaACQ1w+0azUkg==}
    engines: {node: '>= 4.0.0'}
    dev: true

  /workbox-background-sync/4.3.1:
    resolution: {integrity: sha512-1uFkvU8JXi7L7fCHVBEEnc3asPpiAL33kO495UMcD5+arew9IbKW2rV5lpzhoWcm/qhGB89YfO4PmB/0hQwPRg==}
    dependencies:
      workbox-core: 4.3.1
    dev: true

  /workbox-broadcast-update/4.3.1:
    resolution: {integrity: sha512-MTSfgzIljpKLTBPROo4IpKjESD86pPFlZwlvVG32Kb70hW+aob4Jxpblud8EhNb1/L5m43DUM4q7C+W6eQMMbA==}
    dependencies:
      workbox-core: 4.3.1
    dev: true

  /workbox-build/4.3.1:
    resolution: {integrity: sha512-UHdwrN3FrDvicM3AqJS/J07X0KXj67R8Cg0waq1MKEOqzo89ap6zh6LmaLnRAjpB+bDIz+7OlPye9iii9KBnxw==}
    engines: {node: '>=4.0.0'}
    dependencies:
      '@babel/runtime': 7.15.4
      '@hapi/joi': 15.1.1
      common-tags: 1.8.0
      fs-extra: 4.0.3
      glob: 7.2.0
      lodash.template: 4.5.0
      pretty-bytes: 5.6.0
      stringify-object: 3.3.0
      strip-comments: 1.0.2
      workbox-background-sync: 4.3.1
      workbox-broadcast-update: 4.3.1
      workbox-cacheable-response: 4.3.1
      workbox-core: 4.3.1
      workbox-expiration: 4.3.1
      workbox-google-analytics: 4.3.1
      workbox-navigation-preload: 4.3.1
      workbox-precaching: 4.3.1
      workbox-range-requests: 4.3.1
      workbox-routing: 4.3.1
      workbox-strategies: 4.3.1
      workbox-streams: 4.3.1
      workbox-sw: 4.3.1
      workbox-window: 4.3.1
    dev: true

  /workbox-cacheable-response/4.3.1:
    resolution: {integrity: sha512-Rp5qlzm6z8IOvnQNkCdO9qrDgDpoPNguovs0H8C+wswLuPgSzSp9p2afb5maUt9R1uTIwOXrVQMmPfPypv+npw==}
    dependencies:
      workbox-core: 4.3.1
    dev: true

  /workbox-core/4.3.1:
    resolution: {integrity: sha512-I3C9jlLmMKPxAC1t0ExCq+QoAMd0vAAHULEgRZ7kieCdUd919n53WC0AfvokHNwqRhGn+tIIj7vcb5duCjs2Kg==}
    dev: true

  /workbox-expiration/4.3.1:
    resolution: {integrity: sha512-vsJLhgQsQouv9m0rpbXubT5jw0jMQdjpkum0uT+d9tTwhXcEZks7qLfQ9dGSaufTD2eimxbUOJfWLbNQpIDMPw==}
    dependencies:
      workbox-core: 4.3.1
    dev: true

  /workbox-google-analytics/4.3.1:
    resolution: {integrity: sha512-xzCjAoKuOb55CBSwQrbyWBKqp35yg1vw9ohIlU2wTy06ZrYfJ8rKochb1MSGlnoBfXGWss3UPzxR5QL5guIFdg==}
    dependencies:
      workbox-background-sync: 4.3.1
      workbox-core: 4.3.1
      workbox-routing: 4.3.1
      workbox-strategies: 4.3.1
    dev: true

  /workbox-navigation-preload/4.3.1:
    resolution: {integrity: sha512-K076n3oFHYp16/C+F8CwrRqD25GitA6Rkd6+qAmLmMv1QHPI2jfDwYqrytOfKfYq42bYtW8Pr21ejZX7GvALOw==}
    dependencies:
      workbox-core: 4.3.1
    dev: true

  /workbox-precaching/4.3.1:
    resolution: {integrity: sha512-piSg/2csPoIi/vPpp48t1q5JLYjMkmg5gsXBQkh/QYapCdVwwmKlU9mHdmy52KsDGIjVaqEUMFvEzn2LRaigqQ==}
    dependencies:
      workbox-core: 4.3.1
    dev: true

  /workbox-range-requests/4.3.1:
    resolution: {integrity: sha512-S+HhL9+iTFypJZ/yQSl/x2Bf5pWnbXdd3j57xnb0V60FW1LVn9LRZkPtneODklzYuFZv7qK6riZ5BNyc0R0jZA==}
    dependencies:
      workbox-core: 4.3.1
    dev: true

  /workbox-routing/4.3.1:
    resolution: {integrity: sha512-FkbtrODA4Imsi0p7TW9u9MXuQ5P4pVs1sWHK4dJMMChVROsbEltuE79fBoIk/BCztvOJ7yUpErMKa4z3uQLX+g==}
    dependencies:
      workbox-core: 4.3.1
    dev: true

  /workbox-strategies/4.3.1:
    resolution: {integrity: sha512-F/+E57BmVG8dX6dCCopBlkDvvhg/zj6VDs0PigYwSN23L8hseSRwljrceU2WzTvk/+BSYICsWmRq5qHS2UYzhw==}
    dependencies:
      workbox-core: 4.3.1
    dev: true

  /workbox-streams/4.3.1:
    resolution: {integrity: sha512-4Kisis1f/y0ihf4l3u/+ndMkJkIT4/6UOacU3A4BwZSAC9pQ9vSvJpIi/WFGQRH/uPXvuVjF5c2RfIPQFSS2uA==}
    dependencies:
      workbox-core: 4.3.1
    dev: true

  /workbox-sw/4.3.1:
    resolution: {integrity: sha512-0jXdusCL2uC5gM3yYFT6QMBzKfBr2XTk0g5TPAV4y8IZDyVNDyj1a8uSXy3/XrvkVTmQvLN4O5k3JawGReXr9w==}
    dev: true

  /workbox-window/4.3.1:
    resolution: {integrity: sha512-C5gWKh6I58w3GeSc0wp2Ne+rqVw8qwcmZnQGpjiek8A2wpbxSJb1FdCoQVO+jDJs35bFgo/WETgl1fqgsxN0Hg==}
    dependencies:
      workbox-core: 4.3.1
    dev: true

  /wrappy/1.0.2:
    resolution: {integrity: sha1-tSQ9jz7BqjXxNkYFvA0QNuMKtp8=}
    dev: true
